// !$*UTF8*$!
{
	archiveVersion = 1;
	classes = {
	};
	objectVersion = 50;
	objects = {

/* Begin PBXBuildFile section */
		BC3BAEAD26469A9300A11768 /* DayProgressWidgetExtension.appex in Embed App Extensions */ = {isa = PBXBuildFile; fileRef = BC4A1FCC2630415B000938AD /* DayProgressWidgetExtension.appex */; settings = {ATTRIBUTES = (RemoveHeadersOnCopy, ); }; };
		BC4A1FB926304109000938AD /* DayProgressApp.swift in Sources */ = {isa = PBXBuildFile; fileRef = BC4A1FB826304109000938AD /* DayProgressApp.swift */; };
		BC4A1FBB26304109000938AD /* ContentView.swift in Sources */ = {isa = PBXBuildFile; fileRef = BC4A1FBA26304109000938AD /* ContentView.swift */; };
		BC4A1FBD2630410A000938AD /* Assets.xcassets in Resources */ = {isa = PBXBuildFile; fileRef = BC4A1FBC2630410A000938AD /* Assets.xcassets */; };
		BC4A1FC02630410A000938AD /* Preview Assets.xcassets in Resources */ = {isa = PBXBuildFile; fileRef = BC4A1FBF2630410A000938AD /* Preview Assets.xcassets */; };
		BC4A1FCF2630415B000938AD /* WidgetKit.framework in Frameworks */ = {isa = PBXBuildFile; fileRef = BC4A1FCE2630415B000938AD /* WidgetKit.framework */; };
		BC4A1FD12630415B000938AD /* SwiftUI.framework in Frameworks */ = {isa = PBXBuildFile; fileRef = BC4A1FD02630415B000938AD /* SwiftUI.framework */; };
		BC4A1FD42630415B000938AD /* DayProgressWidget.swift in Sources */ = {isa = PBXBuildFile; fileRef = BC4A1FD32630415B000938AD /* DayProgressWidget.swift */; };
		BC4A1FD62630415B000938AD /* Assets.xcassets in Resources */ = {isa = PBXBuildFile; fileRef = BC4A1FD52630415B000938AD /* Assets.xcassets */; };
/* End PBXBuildFile section */

/* Begin PBXContainerItemProxy section */
		BC3BAEAE26469A9300A11768 /* PBXContainerItemProxy */ = {
			isa = PBXContainerItemProxy;
			containerPortal = BC4A1FAD26304109000938AD /* Project object */;
			proxyType = 1;
			remoteGlobalIDString = BC4A1FCB2630415B000938AD;
			remoteInfo = DayProgressWidgetExtension;
		};
/* End PBXContainerItemProxy section */

/* Begin PBXCopyFilesBuildPhase section */
		BC3BAEB026469A9300A11768 /* Embed App Extensions */ = {
			isa = PBXCopyFilesBuildPhase;
			buildActionMask = 2147483647;
			dstPath = "";
			dstSubfolderSpec = 13;
			files = (
				BC3BAEAD26469A9300A11768 /* DayProgressWidgetExtension.appex in Embed App Extensions */,
			);
			name = "Embed App Extensions";
			runOnlyForDeploymentPostprocessing = 0;
		};
/* End PBXCopyFilesBuildPhase section */

/* Begin PBXFileReference section */
		BC12F00426467DF40041597B /* DayProgress.entitlements */ = {isa = PBXFileReference; lastKnownFileType = text.plist.entitlements; path = DayProgress.entitlements; sourceTree = "<group>"; };
		BC12F007264683200041597B /* DayProgressWidgetExtension.entitlements */ = {isa = PBXFileReference; lastKnownFileType = text.plist.entitlements; path = DayProgressWidgetExtension.entitlements; sourceTree = "<group>"; };
		BC4A1FB526304109000938AD /* DayProgress.app */ = {isa = PBXFileReference; explicitFileType = wrapper.application; includeInIndex = 0; path = DayProgress.app; sourceTree = BUILT_PRODUCTS_DIR; };
		BC4A1FB826304109000938AD /* DayProgressApp.swift */ = {isa = PBXFileReference; lastKnownFileType = sourcecode.swift; path = DayProgressApp.swift; sourceTree = "<group>"; };
		BC4A1FBA26304109000938AD /* ContentView.swift */ = {isa = PBXFileReference; lastKnownFileType = sourcecode.swift; path = ContentView.swift; sourceTree = "<group>"; };
		BC4A1FBC2630410A000938AD /* Assets.xcassets */ = {isa = PBXFileReference; lastKnownFileType = folder.assetcatalog; path = Assets.xcassets; sourceTree = "<group>"; };
		BC4A1FBF2630410A000938AD /* Preview Assets.xcassets */ = {isa = PBXFileReference; lastKnownFileType = folder.assetcatalog; path = "Preview Assets.xcassets"; sourceTree = "<group>"; };
		BC4A1FC12630410A000938AD /* Info.plist */ = {isa = PBXFileReference; lastKnownFileType = text.plist.xml; path = Info.plist; sourceTree = "<group>"; };
		BC4A1FCC2630415B000938AD /* DayProgressWidgetExtension.appex */ = {isa = PBXFileReference; explicitFileType = "wrapper.app-extension"; includeInIndex = 0; path = DayProgressWidgetExtension.appex; sourceTree = BUILT_PRODUCTS_DIR; };
		BC4A1FCE2630415B000938AD /* WidgetKit.framework */ = {isa = PBXFileReference; lastKnownFileType = wrapper.framework; name = WidgetKit.framework; path = System/Library/Frameworks/WidgetKit.framework; sourceTree = SDKROOT; };
		BC4A1FD02630415B000938AD /* SwiftUI.framework */ = {isa = PBXFileReference; lastKnownFileType = wrapper.framework; name = SwiftUI.framework; path = System/Library/Frameworks/SwiftUI.framework; sourceTree = SDKROOT; };
		BC4A1FD32630415B000938AD /* DayProgressWidget.swift */ = {isa = PBXFileReference; lastKnownFileType = sourcecode.swift; path = DayProgressWidget.swift; sourceTree = "<group>"; };
		BC4A1FD52630415B000938AD /* Assets.xcassets */ = {isa = PBXFileReference; lastKnownFileType = folder.assetcatalog; path = Assets.xcassets; sourceTree = "<group>"; };
		BC4A1FD72630415B000938AD /* Info.plist */ = {isa = PBXFileReference; lastKnownFileType = text.plist.xml; path = Info.plist; sourceTree = "<group>"; };
/* End PBXFileReference section */

/* Begin PBXFrameworksBuildPhase section */
		BC4A1FB226304109000938AD /* Frameworks */ = {
			isa = PBXFrameworksBuildPhase;
			buildActionMask = 2147483647;
			files = (
			);
			runOnlyForDeploymentPostprocessing = 0;
		};
		BC4A1FC92630415B000938AD /* Frameworks */ = {
			isa = PBXFrameworksBuildPhase;
			buildActionMask = 2147483647;
			files = (
				BC4A1FD12630415B000938AD /* SwiftUI.framework in Frameworks */,
				BC4A1FCF2630415B000938AD /* WidgetKit.framework in Frameworks */,
			);
			runOnlyForDeploymentPostprocessing = 0;
		};
/* End PBXFrameworksBuildPhase section */

/* Begin PBXGroup section */
		BC4A1FAC26304109000938AD = {
			isa = PBXGroup;
			children = (
				BC12F007264683200041597B /* DayProgressWidgetExtension.entitlements */,
				BC4A1FB726304109000938AD /* DayProgress */,
				BC4A1FD22630415B000938AD /* DayProgressWidget */,
				BC4A1FCD2630415B000938AD /* Frameworks */,
				BC4A1FB626304109000938AD /* Products */,
			);
			sourceTree = "<group>";
		};
		BC4A1FB626304109000938AD /* Products */ = {
			isa = PBXGroup;
			children = (
				BC4A1FB526304109000938AD /* DayProgress.app */,
				BC4A1FCC2630415B000938AD /* DayProgressWidgetExtension.appex */,
			);
			name = Products;
			sourceTree = "<group>";
		};
		BC4A1FB726304109000938AD /* DayProgress */ = {
			isa = PBXGroup;
			children = (
				BC12F00426467DF40041597B /* DayProgress.entitlements */,
				BC4A1FB826304109000938AD /* DayProgressApp.swift */,
				BC4A1FBA26304109000938AD /* ContentView.swift */,
				BC4A1FBC2630410A000938AD /* Assets.xcassets */,
				BC4A1FC12630410A000938AD /* Info.plist */,
				BC4A1FBE2630410A000938AD /* Preview Content */,
			);
			path = DayProgress;
			sourceTree = "<group>";
		};
		BC4A1FBE2630410A000938AD /* Preview Content */ = {
			isa = PBXGroup;
			children = (
				BC4A1FBF2630410A000938AD /* Preview Assets.xcassets */,
			);
			path = "Preview Content";
			sourceTree = "<group>";
		};
		BC4A1FCD2630415B000938AD /* Frameworks */ = {
			isa = PBXGroup;
			children = (
				BC4A1FCE2630415B000938AD /* WidgetKit.framework */,
				BC4A1FD02630415B000938AD /* SwiftUI.framework */,
			);
			name = Frameworks;
			sourceTree = "<group>";
		};
		BC4A1FD22630415B000938AD /* DayProgressWidget */ = {
			isa = PBXGroup;
			children = (
				BC4A1FD32630415B000938AD /* DayProgressWidget.swift */,
				BC4A1FD52630415B000938AD /* Assets.xcassets */,
				BC4A1FD72630415B000938AD /* Info.plist */,
			);
			path = DayProgressWidget;
			sourceTree = "<group>";
		};
/* End PBXGroup section */

/* Begin PBXNativeTarget section */
		BC4A1FB426304109000938AD /* DayProgress */ = {
			isa = PBXNativeTarget;
			buildConfigurationList = BC4A1FC42630410A000938AD /* Build configuration list for PBXNativeTarget "DayProgress" */;
			buildPhases = (
				BC4A1FB126304109000938AD /* Sources */,
				BC4A1FB226304109000938AD /* Frameworks */,
				BC4A1FB326304109000938AD /* Resources */,
				BC3BAEB026469A9300A11768 /* Embed App Extensions */,
			);
			buildRules = (
			);
			dependencies = (
				BC3BAEAF26469A9300A11768 /* PBXTargetDependency */,
			);
			name = DayProgress;
			productName = DayProgress;
			productReference = BC4A1FB526304109000938AD /* DayProgress.app */;
			productType = "com.apple.product-type.application";
		};
		BC4A1FCB2630415B000938AD /* DayProgressWidgetExtension */ = {
			isa = PBXNativeTarget;
			buildConfigurationList = BC4A1FDB2630415B000938AD /* Build configuration list for PBXNativeTarget "DayProgressWidgetExtension" */;
			buildPhases = (
				BC4A1FC82630415B000938AD /* Sources */,
				BC4A1FC92630415B000938AD /* Frameworks */,
				BC4A1FCA2630415B000938AD /* Resources */,
			);
			buildRules = (
			);
			dependencies = (
			);
			name = DayProgressWidgetExtension;
			productName = DayProgressWidgetExtension;
			productReference = BC4A1FCC2630415B000938AD /* DayProgressWidgetExtension.appex */;
			productType = "com.apple.product-type.app-extension";
		};
/* End PBXNativeTarget section */

/* Begin PBXProject section */
		BC4A1FAD26304109000938AD /* Project object */ = {
			isa = PBXProject;
			attributes = {
				LastSwiftUpdateCheck = 1240;
				LastUpgradeCheck = 1240;
				TargetAttributes = {
					BC4A1FB426304109000938AD = {
						CreatedOnToolsVersion = 12.4;
					};
					BC4A1FCB2630415B000938AD = {
						CreatedOnToolsVersion = 12.4;
					};
				};
			};
			buildConfigurationList = BC4A1FB026304109000938AD /* Build configuration list for PBXProject "DayProgress" */;
			compatibilityVersion = "Xcode 9.3";
			developmentRegion = en;
			hasScannedForEncodings = 0;
			knownRegions = (
				en,
				Base,
			);
			mainGroup = BC4A1FAC26304109000938AD;
			productRefGroup = BC4A1FB626304109000938AD /* Products */;
			projectDirPath = "";
			projectRoot = "";
			targets = (
				BC4A1FB426304109000938AD /* DayProgress */,
				BC4A1FCB2630415B000938AD /* DayProgressWidgetExtension */,
			);
		};
/* End PBXProject section */

/* Begin PBXResourcesBuildPhase section */
		BC4A1FB326304109000938AD /* Resources */ = {
			isa = PBXResourcesBuildPhase;
			buildActionMask = 2147483647;
			files = (
				BC4A1FC02630410A000938AD /* Preview Assets.xcassets in Resources */,
				BC4A1FBD2630410A000938AD /* Assets.xcassets in Resources */,
			);
			runOnlyForDeploymentPostprocessing = 0;
		};
		BC4A1FCA2630415B000938AD /* Resources */ = {
			isa = PBXResourcesBuildPhase;
			buildActionMask = 2147483647;
			files = (
				BC4A1FD62630415B000938AD /* Assets.xcassets in Resources */,
			);
			runOnlyForDeploymentPostprocessing = 0;
		};
/* End PBXResourcesBuildPhase section */

/* Begin PBXSourcesBuildPhase section */
		BC4A1FB126304109000938AD /* Sources */ = {
			isa = PBXSourcesBuildPhase;
			buildActionMask = 2147483647;
			files = (
				BC4A1FBB26304109000938AD /* ContentView.swift in Sources */,
				BC4A1FB926304109000938AD /* DayProgressApp.swift in Sources */,
			);
			runOnlyForDeploymentPostprocessing = 0;
		};
		BC4A1FC82630415B000938AD /* Sources */ = {
			isa = PBXSourcesBuildPhase;
			buildActionMask = 2147483647;
			files = (
				BC4A1FD42630415B000938AD /* DayProgressWidget.swift in Sources */,
			);
			runOnlyForDeploymentPostprocessing = 0;
		};
/* End PBXSourcesBuildPhase section */

/* Begin PBXTargetDependency section */
		BC3BAEAF26469A9300A11768 /* PBXTargetDependency */ = {
			isa = PBXTargetDependency;
			target = BC4A1FCB2630415B000938AD /* DayProgressWidgetExtension */;
			targetProxy = BC3BAEAE26469A9300A11768 /* PBXContainerItemProxy */;
		};
/* End PBXTargetDependency section */

/* Begin XCBuildConfiguration section */
		BC4A1FC22630410A000938AD /* Debug */ = {
			isa = XCBuildConfiguration;
			buildSettings = {
				ALWAYS_SEARCH_USER_PATHS = NO;
				CLANG_ANALYZER_NONNULL = YES;
				CLANG_ANALYZER_NUMBER_OBJECT_CONVERSION = YES_AGGRESSIVE;
				CLANG_CXX_LANGUAGE_STANDARD = "gnu++14";
				CLANG_CXX_LIBRARY = "libc++";
				CLANG_ENABLE_MODULES = YES;
				CLANG_ENABLE_OBJC_ARC = YES;
				CLANG_ENABLE_OBJC_WEAK = YES;
				CLANG_WARN_BLOCK_CAPTURE_AUTORELEASING = YES;
				CLANG_WARN_BOOL_CONVERSION = YES;
				CLANG_WARN_COMMA = YES;
				CLANG_WARN_CONSTANT_CONVERSION = YES;
				CLANG_WARN_DEPRECATED_OBJC_IMPLEMENTATIONS = YES;
				CLANG_WARN_DIRECT_OBJC_ISA_USAGE = YES_ERROR;
				CLANG_WARN_DOCUMENTATION_COMMENTS = YES;
				CLANG_WARN_EMPTY_BODY = YES;
				CLANG_WARN_ENUM_CONVERSION = YES;
				CLANG_WARN_INFINITE_RECURSION = YES;
				CLANG_WARN_INT_CONVERSION = YES;
				CLANG_WARN_NON_LITERAL_NULL_CONVERSION = YES;
				CLANG_WARN_OBJC_IMPLICIT_RETAIN_SELF = YES;
				CLANG_WARN_OBJC_LITERAL_CONVERSION = YES;
				CLANG_WARN_OBJC_ROOT_CLASS = YES_ERROR;
				CLANG_WARN_QUOTED_INCLUDE_IN_FRAMEWORK_HEADER = YES;
				CLANG_WARN_RANGE_LOOP_ANALYSIS = YES;
				CLANG_WARN_STRICT_PROTOTYPES = YES;
				CLANG_WARN_SUSPICIOUS_MOVE = YES;
				CLANG_WARN_UNGUARDED_AVAILABILITY = YES_AGGRESSIVE;
				CLANG_WARN_UNREACHABLE_CODE = YES;
				CLANG_WARN__DUPLICATE_METHOD_MATCH = YES;
				COPY_PHASE_STRIP = NO;
				DEBUG_INFORMATION_FORMAT = dwarf;
				ENABLE_STRICT_OBJC_MSGSEND = YES;
				ENABLE_TESTABILITY = YES;
				GCC_C_LANGUAGE_STANDARD = gnu11;
				GCC_DYNAMIC_NO_PIC = NO;
				GCC_NO_COMMON_BLOCKS = YES;
				GCC_OPTIMIZATION_LEVEL = 0;
				GCC_PREPROCESSOR_DEFINITIONS = (
					"DEBUG=1",
					"$(inherited)",
				);
				GCC_WARN_64_TO_32_BIT_CONVERSION = YES;
				GCC_WARN_ABOUT_RETURN_TYPE = YES_ERROR;
				GCC_WARN_UNDECLARED_SELECTOR = YES;
				GCC_WARN_UNINITIALIZED_AUTOS = YES_AGGRESSIVE;
				GCC_WARN_UNUSED_FUNCTION = YES;
				GCC_WARN_UNUSED_VARIABLE = YES;
				IPHONEOS_DEPLOYMENT_TARGET = 14.4;
				MTL_ENABLE_DEBUG_INFO = INCLUDE_SOURCE;
				MTL_FAST_MATH = YES;
				ONLY_ACTIVE_ARCH = YES;
				SDKROOT = iphoneos;
				SWIFT_ACTIVE_COMPILATION_CONDITIONS = DEBUG;
				SWIFT_OPTIMIZATION_LEVEL = "-Onone";
			};
			name = Debug;
		};
		BC4A1FC32630410A000938AD /* Release */ = {
			isa = XCBuildConfiguration;
			buildSettings = {
				ALWAYS_SEARCH_USER_PATHS = NO;
				CLANG_ANALYZER_NONNULL = YES;
				CLANG_ANALYZER_NUMBER_OBJECT_CONVERSION = YES_AGGRESSIVE;
				CLANG_CXX_LANGUAGE_STANDARD = "gnu++14";
				CLANG_CXX_LIBRARY = "libc++";
				CLANG_ENABLE_MODULES = YES;
				CLANG_ENABLE_OBJC_ARC = YES;
				CLANG_ENABLE_OBJC_WEAK = YES;
				CLANG_WARN_BLOCK_CAPTURE_AUTORELEASING = YES;
				CLANG_WARN_BOOL_CONVERSION = YES;
				CLANG_WARN_COMMA = YES;
				CLANG_WARN_CONSTANT_CONVERSION = YES;
				CLANG_WARN_DEPRECATED_OBJC_IMPLEMENTATIONS = YES;
				CLANG_WARN_DIRECT_OBJC_ISA_USAGE = YES_ERROR;
				CLANG_WARN_DOCUMENTATION_COMMENTS = YES;
				CLANG_WARN_EMPTY_BODY = YES;
				CLANG_WARN_ENUM_CONVERSION = YES;
				CLANG_WARN_INFINITE_RECURSION = YES;
				CLANG_WARN_INT_CONVERSION = YES;
				CLANG_WARN_NON_LITERAL_NULL_CONVERSION = YES;
				CLANG_WARN_OBJC_IMPLICIT_RETAIN_SELF = YES;
				CLANG_WARN_OBJC_LITERAL_CONVERSION = YES;
				CLANG_WARN_OBJC_ROOT_CLASS = YES_ERROR;
				CLANG_WARN_QUOTED_INCLUDE_IN_FRAMEWORK_HEADER = YES;
				CLANG_WARN_RANGE_LOOP_ANALYSIS = YES;
				CLANG_WARN_STRICT_PROTOTYPES = YES;
				CLANG_WARN_SUSPICIOUS_MOVE = YES;
				CLANG_WARN_UNGUARDED_AVAILABILITY = YES_AGGRESSIVE;
				CLANG_WARN_UNREACHABLE_CODE = YES;
				CLANG_WARN__DUPLICATE_METHOD_MATCH = YES;
				COPY_PHASE_STRIP = NO;
				DEBUG_INFORMATION_FORMAT = "dwarf-with-dsym";
				ENABLE_NS_ASSERTIONS = NO;
				ENABLE_STRICT_OBJC_MSGSEND = YES;
				GCC_C_LANGUAGE_STANDARD = gnu11;
				GCC_NO_COMMON_BLOCKS = YES;
				GCC_WARN_64_TO_32_BIT_CONVERSION = YES;
				GCC_WARN_ABOUT_RETURN_TYPE = YES_ERROR;
				GCC_WARN_UNDECLARED_SELECTOR = YES;
				GCC_WARN_UNINITIALIZED_AUTOS = YES_AGGRESSIVE;
				GCC_WARN_UNUSED_FUNCTION = YES;
				GCC_WARN_UNUSED_VARIABLE = YES;
				IPHONEOS_DEPLOYMENT_TARGET = 14.4;
				MTL_ENABLE_DEBUG_INFO = NO;
				MTL_FAST_MATH = YES;
				SDKROOT = iphoneos;
				SWIFT_COMPILATION_MODE = wholemodule;
				SWIFT_OPTIMIZATION_LEVEL = "-O";
				VALIDATE_PRODUCT = YES;
			};
			name = Release;
		};
		BC4A1FC52630410A000938AD /* Debug */ = {
			isa = XCBuildConfiguration;
			buildSettings = {
				ASSETCATALOG_COMPILER_APPICON_NAME = AppIcon;
				ASSETCATALOG_COMPILER_GLOBAL_ACCENT_COLOR_NAME = AccentColor;
				CODE_SIGN_ENTITLEMENTS = DayProgress/DayProgress.entitlements;
				CODE_SIGN_STYLE = Automatic;
				DEVELOPMENT_ASSET_PATHS = "\"DayProgress/Preview Content\"";
				DEVELOPMENT_TEAM = GB8643A5DD;
				ENABLE_PREVIEWS = YES;
				INFOPLIST_FILE = DayProgress/Info.plist;
				IPHONEOS_DEPLOYMENT_TARGET = 14.4;
				LD_RUNPATH_SEARCH_PATHS = (
					"$(inherited)",
					"@executable_path/Frameworks",
				);
				PRODUCT_BUNDLE_IDENTIFIER = com.sachin.DayProgress;
				PRODUCT_NAME = "$(TARGET_NAME)";
				SWIFT_VERSION = 5.0;
				TARGETED_DEVICE_FAMILY = "1,2";
			};
			name = Debug;
		};
		BC4A1FC62630410A000938AD /* Release */ = {
			isa = XCBuildConfiguration;
			buildSettings = {
				ASSETCATALOG_COMPILER_APPICON_NAME = AppIcon;
				ASSETCATALOG_COMPILER_GLOBAL_ACCENT_COLOR_NAME = AccentColor;
				CODE_SIGN_ENTITLEMENTS = DayProgress/DayProgress.entitlements;
				CODE_SIGN_STYLE = Automatic;
				DEVELOPMENT_ASSET_PATHS = "\"DayProgress/Preview Content\"";
				DEVELOPMENT_TEAM = GB8643A5DD;
				ENABLE_PREVIEWS = YES;
				INFOPLIST_FILE = DayProgress/Info.plist;
				IPHONEOS_DEPLOYMENT_TARGET = 14.4;
				LD_RUNPATH_SEARCH_PATHS = (
					"$(inherited)",
					"@executable_path/Frameworks",
				);
				PRODUCT_BUNDLE_IDENTIFIER = com.sachin.DayProgress;
				PRODUCT_NAME = "$(TARGET_NAME)";
				SWIFT_VERSION = 5.0;
				TARGETED_DEVICE_FAMILY = "1,2";
			};
			name = Release;
		};
		BC4A1FDC2630415B000938AD /* Debug */ = {
			isa = XCBuildConfiguration;
			buildSettings = {
				ASSETCATALOG_COMPILER_GLOBAL_ACCENT_COLOR_NAME = AccentColor;
				ASSETCATALOG_COMPILER_WIDGET_BACKGROUND_COLOR_NAME = WidgetBackground;
				CODE_SIGN_ENTITLEMENTS = DayProgressWidgetExtension.entitlements;
				CODE_SIGN_STYLE = Automatic;
				DEVELOPMENT_TEAM = GB8643A5DD;
				INFOPLIST_FILE = DayProgressWidget/Info.plist;
				LD_RUNPATH_SEARCH_PATHS = (
					"$(inherited)",
					"@executable_path/Frameworks",
					"@executable_path/../../Frameworks",
				);
				PRODUCT_BUNDLE_IDENTIFIER = com.sachin.DayProgress.DayProgressWidget;
				PRODUCT_NAME = "$(TARGET_NAME)";
				SKIP_INSTALL = YES;
				SWIFT_VERSION = 5.0;
				TARGETED_DEVICE_FAMILY = "1,2";
			};
			name = Debug;
		};
		BC4A1FDD2630415B000938AD /* Release */ = {
			isa = XCBuildConfiguration;
			buildSettings = {
				ASSETCATALOG_COMPILER_GLOBAL_ACCENT_COLOR_NAME = AccentColor;
				ASSETCATALOG_COMPILER_WIDGET_BACKGROUND_COLOR_NAME = WidgetBackground;
				CODE_SIGN_ENTITLEMENTS = DayProgressWidgetExtension.entitlements;
				CODE_SIGN_STYLE = Automatic;
				DEVELOPMENT_TEAM = GB8643A5DD;
				INFOPLIST_FILE = DayProgressWidget/Info.plist;
				LD_RUNPATH_SEARCH_PATHS = (
					"$(inherited)",
					"@executable_path/Frameworks",
					"@executable_path/../../Frameworks",
				);
				PRODUCT_BUNDLE_IDENTIFIER = com.sachin.DayProgress.DayProgressWidget;
				PRODUCT_NAME = "$(TARGET_NAME)";
				SKIP_INSTALL = YES;
				SWIFT_VERSION = 5.0;
				TARGETED_DEVICE_FAMILY = "1,2";
			};
			name = Release;
		};
/* End XCBuildConfiguration section */

/* Begin XCConfigurationList section */
		BC4A1FB026304109000938AD /* Build configuration list for PBXProject "DayProgress" */ = {
			isa = XCConfigurationList;
			buildConfigurations = (
				BC4A1FC22630410A000938AD /* Debug */,
				BC4A1FC32630410A000938AD /* Release */,
			);
			defaultConfigurationIsVisible = 0;
			defaultConfigurationName = Release;
		};
		BC4A1FC42630410A000938AD /* Build configuration list for PBXNativeTarget "DayProgress" */ = {
			isa = XCConfigurationList;
			buildConfigurations = (
				BC4A1FC52630410A000938AD /* Debug */,
				BC4A1FC62630410A000938AD /* Release */,
			);
			defaultConfigurationIsVisible = 0;
			defaultConfigurationName = Release;
		};
		BC4A1FDB2630415B000938AD /* Build configuration list for PBXNativeTarget "DayProgressWidgetExtension" */ = {
			isa = XCConfigurationList;
			buildConfigurations = (
				BC4A1FDC2630415B000938AD /* Debug */,
				BC4A1FDD2630415B000938AD /* Release */,
			);
			defaultConfigurationIsVisible = 0;
			defaultConfigurationName = Release;
		};
/* End XCConfigurationList section */
	};
	rootObject = BC4A1FAD26304109000938AD /* Project object */;
}
